
Microsoft Visual Studio Solution File, Format Version 12.00
# Visual Studio Version 17
VisualStudioVersion = 17.0.31903.59
MinimumVisualStudioVersion = 10.0.40219.1
Project("{2150E333-8FDC-42A3-9474-1A3956D46DE8}") = "src", "src", "{457576F6-B12D-4B0E-91C0-7E8B19E4D569}"
EndProject
Project("{FAE04EC0-301F-11D3-BF4B-00C04F79EFBC}") = "PwdManager.Core", "src\PwdManager.Core\PwdManager.Core.csproj", "{F84F0B3C-11C0-4031-96F3-966ECA3403E9}"
EndProject
Project("{FAE04EC0-301F-11D3-BF4B-00C04F79EFBC}") = "PwdManager.Data", "src\PwdManager.Data\PwdManager.Data.csproj", "{47779AC8-7E04-4FC6-A3AD-481C8E4B35A3}"
EndProject
Project("{FAE04EC0-301F-11D3-BF4B-00C04F79EFBC}") = "PwdManager.App", "src\PwdManager.App\PwdManager.App.csproj", "{80147FC1-26ED-4EDD-BADF-455744F9CE27}"
EndProject
Global
	GlobalSection(SolutionConfigurationPlatforms) = preSolution
		Debug|Any CPU = Debug|Any CPU
		Release|Any CPU = Release|Any CPU
	EndGlobalSection
	GlobalSection(SolutionProperties) = preSolution
		HideSolutionNode = FALSE
	EndGlobalSection
	GlobalSection(ProjectConfigurationPlatforms) = postSolution
		{F84F0B3C-11C0-4031-96F3-966ECA3403E9}.Debug|Any CPU.ActiveCfg = Debug|Any CPU
		{F84F0B3C-11C0-4031-96F3-966ECA3403E9}.Debug|Any CPU.Build.0 = Debug|Any CPU
		{F84F0B3C-11C0-4031-96F3-966ECA3403E9}.Release|Any CPU.ActiveCfg = Release|Any CPU
		{F84F0B3C-11C0-4031-96F3-966ECA3403E9}.Release|Any CPU.Build.0 = Release|Any CPU
		{47779AC8-7E04-4FC6-A3AD-481C8E4B35A3}.Debug|Any CPU.ActiveCfg = Debug|Any CPU
		{47779AC8-7E04-4FC6-A3AD-481C8E4B35A3}.Debug|Any CPU.Build.0 = Debug|Any CPU
		{47779AC8-7E04-4FC6-A3AD-481C8E4B35A3}.Release|Any CPU.ActiveCfg = Release|Any CPU
		{47779AC8-7E04-4FC6-A3AD-481C8E4B35A3}.Release|Any CPU.Build.0 = Release|Any CPU
		{80147FC1-26ED-4EDD-BADF-455744F9CE27}.Debug|Any CPU.ActiveCfg = Debug|Any CPU
		{80147FC1-26ED-4EDD-BADF-455744F9CE27}.Debug|Any CPU.Build.0 = Debug|Any CPU
		{80147FC1-26ED-4EDD-BADF-455744F9CE27}.Release|Any CPU.ActiveCfg = Release|Any CPU
		{80147FC1-26ED-4EDD-BADF-455744F9CE27}.Release|Any CPU.Build.0 = Release|Any CPU
	EndGlobalSection
	GlobalSection(NestedProjects) = preSolution
		{F84F0B3C-11C0-4031-96F3-966ECA3403E9} = {457576F6-B12D-4B0E-91C0-7E8B19E4D569}
		{47779AC8-7E04-4FC6-A3AD-481C8E4B35A3} = {457576F6-B12D-4B0E-91C0-7E8B19E4D569}
		{80147FC1-26ED-4EDD-BADF-455744F9CE27} = {457576F6-B12D-4B0E-91C0-7E8B19E4D569}
	EndGlobalSection
EndGlobal
